
Microsoft Visual Studio Solution File, Format Version 12.00
# Visual Studio Version 16
VisualStudioVersion = 16.0.33214.272
MinimumVisualStudioVersion = 10.0.40219.1
Project("{00D1A9C2-B5F0-4AF3-8072-F6C62B433612}") = "TRMData", "TRMData\TRMData.sqlproj", "{39AAF1DF-516B-428E-9E5A-4CB32498D48D}"
EndProject
Project("{9A19103F-16F7-4668-BE54-9A1E7A4F7556}") = "TRMDesktopUI", "TRMDesktopUI\TRMDesktopUI.csproj", "{D0013891-EA59-4660-A8AA-6475C9630A44}"
EndProject
Project("{9A19103F-16F7-4668-BE54-9A1E7A4F7556}") = "TRMDataManager.Library", "TRMDataManager.Library\TRMDataManager.Library.csproj", "{C7C7E93F-92AC-43B8-8E34-F238395FA351}"
EndProject
Project("{9A19103F-16F7-4668-BE54-9A1E7A4F7556}") = "TRMDesktopUI.Library", "TRMDesktopUI.Library\TRMDesktopUI.Library.csproj", "{8CD3F421-7358-4CDE-B096-F0768D3C8975}"
EndProject
Project("{2150E333-8FDC-42A3-9474-1A3956D46DE8}") = "Database", "Database", "{8AD3B919-8176-40E5-AD14-62EA77689923}"
EndProject
Project("{2150E333-8FDC-42A3-9474-1A3956D46DE8}") = "API", "API", "{49F66352-2D98-48B3-9D22-564086448A52}"
EndProject
Project("{2150E333-8FDC-42A3-9474-1A3956D46DE8}") = "WPF", "WPF", "{0FC6CB79-B14E-43EE-A51A-F91287BB57DB}"
EndProject
Project("{9A19103F-16F7-4668-BE54-9A1E7A4F7556}") = "TRMApi", "TRMApi\TRMApi.csproj", "{CF3E40A6-88AE-4B3D-AFA9-4B282EF00078}"
EndProject
Project("{2150E333-8FDC-42A3-9474-1A3956D46DE8}") = "Solution Items", "Solution Items", "{559E60EC-BE30-4CF3-BCEC-0A7CC77F6C07}"
	ProjectSection(SolutionItems) = preProject
		Roadmap.txt = Roadmap.txt
	EndProjectSection
EndProject
Global
	GlobalSection(SolutionConfigurationPlatforms) = preSolution
		Debug|Any CPU = Debug|Any CPU
		Release|Any CPU = Release|Any CPU
	EndGlobalSection
	GlobalSection(ProjectConfigurationPlatforms) = postSolution
		{39AAF1DF-516B-428E-9E5A-4CB32498D48D}.Debug|Any CPU.ActiveCfg = Debug|Any CPU
		{39AAF1DF-516B-428E-9E5A-4CB32498D48D}.Debug|Any CPU.Build.0 = Debug|Any CPU
		{39AAF1DF-516B-428E-9E5A-4CB32498D48D}.Debug|Any CPU.Deploy.0 = Debug|Any CPU
		{39AAF1DF-516B-428E-9E5A-4CB32498D48D}.Release|Any CPU.ActiveCfg = Release|Any CPU
		{39AAF1DF-516B-428E-9E5A-4CB32498D48D}.Release|Any CPU.Build.0 = Release|Any CPU
		{39AAF1DF-516B-428E-9E5A-4CB32498D48D}.Release|Any CPU.Deploy.0 = Release|Any CPU
		{D0013891-EA59-4660-A8AA-6475C9630A44}.Debug|Any CPU.ActiveCfg = Debug|Any CPU
		{D0013891-EA59-4660-A8AA-6475C9630A44}.Debug|Any CPU.Build.0 = Debug|Any CPU
		{D0013891-EA59-4660-A8AA-6475C9630A44}.Release|Any CPU.ActiveCfg = Release|Any CPU
		{D0013891-EA59-4660-A8AA-6475C9630A44}.Release|Any CPU.Build.0 = Release|Any CPU
		{C7C7E93F-92AC-43B8-8E34-F238395FA351}.Debug|Any CPU.ActiveCfg = Debug|Any CPU
		{C7C7E93F-92AC-43B8-8E34-F238395FA351}.Debug|Any CPU.Build.0 = Debug|Any CPU
		{C7C7E93F-92AC-43B8-8E34-F238395FA351}.Release|Any CPU.ActiveCfg = Release|Any CPU
		{C7C7E93F-92AC-43B8-8E34-F238395FA351}.Release|Any CPU.Build.0 = Release|Any CPU
		{8CD3F421-7358-4CDE-B096-F0768D3C8975}.Debug|Any CPU.ActiveCfg = Debug|Any CPU
		{8CD3F421-7358-4CDE-B096-F0768D3C8975}.Debug|Any CPU.Build.0 = Debug|Any CPU
		{8CD3F421-7358-4CDE-B096-F0768D3C8975}.Release|Any CPU.ActiveCfg = Release|Any CPU
		{8CD3F421-7358-4CDE-B096-F0768D3C8975}.Release|Any CPU.Build.0 = Release|Any CPU
		{CF3E40A6-88AE-4B3D-AFA9-4B282EF00078}.Debug|Any CPU.ActiveCfg = Debug|Any CPU
		{CF3E40A6-88AE-4B3D-AFA9-4B282EF00078}.Debug|Any CPU.Build.0 = Debug|Any CPU
		{CF3E40A6-88AE-4B3D-AFA9-4B282EF00078}.Release|Any CPU.ActiveCfg = Release|Any CPU
		{CF3E40A6-88AE-4B3D-AFA9-4B282EF00078}.Release|Any CPU.Build.0 = Release|Any CPU
	EndGlobalSection
	GlobalSection(SolutionProperties) = preSolution
		HideSolutionNode = FALSE
	EndGlobalSection
	GlobalSection(NestedProjects) = preSolution
		{39AAF1DF-516B-428E-9E5A-4CB32498D48D} = {8AD3B919-8176-40E5-AD14-62EA77689923}
		{D0013891-EA59-4660-A8AA-6475C9630A44} = {0FC6CB79-B14E-43EE-A51A-F91287BB57DB}
		{C7C7E93F-92AC-43B8-8E34-F238395FA351} = {49F66352-2D98-48B3-9D22-564086448A52}
		{8CD3F421-7358-4CDE-B096-F0768D3C8975} = {0FC6CB79-B14E-43EE-A51A-F91287BB57DB}
		{CF3E40A6-88AE-4B3D-AFA9-4B282EF00078} = {49F66352-2D98-48B3-9D22-564086448A52}
	EndGlobalSection
	GlobalSection(ExtensibilityGlobals) = postSolution
		SolutionGuid = {E9C6D457-F8B1-4569-8E1E-088653FF83CC}
	EndGlobalSection
EndGlobal
